
Microsoft Visual Studio Solution File, Format Version 12.00
# Visual Studio Version 17
VisualStudioVersion = 17.3.32929.385
MinimumVisualStudioVersion = 10.0.40219.1
Project("{9A19103F-16F7-4668-BE54-9A1E7A4F7556}") = "WebApplication1", "WebApplication1\WebApplication1.csproj", "{1021B816-788B-4444-A0A9-CD050C4574C9}"
EndProject
Project("{9A19103F-16F7-4668-BE54-9A1E7A4F7556}") = "Regeneration", "..\..\RegenerationProgam\Regeneration\Regeneration\Regeneration.csproj", "{D693EE9D-7E7A-4760-BB6A-622A3256795D}"
EndProject
Global
	GlobalSection(SolutionConfigurationPlatforms) = preSolution
		Debug|Any CPU = Debug|Any CPU
		Release|Any CPU = Release|Any CPU
	EndGlobalSection
	GlobalSection(ProjectConfigurationPlatforms) = postSolution
		{1021B816-788B-4444-A0A9-CD050C4574C9}.Debug|Any CPU.ActiveCfg = Debug|Any CPU
		{1021B816-788B-4444-A0A9-CD050C4574C9}.Debug|Any CPU.Build.0 = Debug|Any CPU
		{1021B816-788B-4444-A0A9-CD050C4574C9}.Release|Any CPU.ActiveCfg = Release|Any CPU
		{1021B816-788B-4444-A0A9-CD050C4574C9}.Release|Any CPU.Build.0 = Release|Any CPU
		{D693EE9D-7E7A-4760-BB6A-622A3256795D}.Debug|Any CPU.ActiveCfg = Debug|Any CPU
		{D693EE9D-7E7A-4760-BB6A-622A3256795D}.Debug|Any CPU.Build.0 = Debug|Any CPU
		{D693EE9D-7E7A-4760-BB6A-622A3256795D}.Release|Any CPU.ActiveCfg = Release|Any CPU
		{D693EE9D-7E7A-4760-BB6A-622A3256795D}.Release|Any CPU.Build.0 = Release|Any CPU
	EndGlobalSection
	GlobalSection(SolutionProperties) = preSolution
		HideSolutionNode = FALSE
	EndGlobalSection
	GlobalSection(ExtensibilityGlobals) = postSolution
		SolutionGuid = {0057E7F3-01F3-4714-8D9F-B2EF909020DB}
	EndGlobalSection
EndGlobal
